
Microsoft Visual Studio Solution File, Format Version 12.00
# Visual Studio Version 16
VisualStudioVersion = 16.0.30523.141
MinimumVisualStudioVersion = 10.0.40219.1
Project("{FAE04EC0-301F-11D3-BF4B-00C04F79EFBC}") = "Airport", "Airport\Airport.csproj", "{6CB8F683-8A86-458A-B322-A8D4F57CCF6E}"
EndProject
Global
	GlobalSection(SolutionConfigurationPlatforms) = preSolution
		Debug|Any CPU = Debug|Any CPU
		Release|Any CPU = Release|Any CPU
	EndGlobalSection
	GlobalSection(ProjectConfigurationPlatforms) = postSolution
		{6CB8F683-8A86-458A-B322-A8D4F57CCF6E}.Debug|Any CPU.ActiveCfg = Debug|Any CPU
		{6CB8F683-8A86-458A-B322-A8D4F57CCF6E}.Debug|Any CPU.Build.0 = Debug|Any CPU
		{6CB8F683-8A86-458A-B322-A8D4F57CCF6E}.Release|Any CPU.ActiveCfg = Release|Any CPU
		{6CB8F683-8A86-458A-B322-A8D4F57CCF6E}.Release|Any CPU.Build.0 = Release|Any CPU
	EndGlobalSection
	GlobalSection(SolutionProperties) = preSolution
		HideSolutionNode = FALSE
	EndGlobalSection
	GlobalSection(ExtensibilityGlobals) = postSolution
		SolutionGuid = {E45CE100-6C5F-4DC7-B51E-9F110CF6B750}
	EndGlobalSection
EndGlobal
